// !$*UTF8*$!
{
	archiveVersion = 1;
	classes = {
	};
	objectVersion = 56;
	objects = {

/* Begin PBXBuildFile section */
		039B88192AA3FB3B003A3D11 /* AppDelegate.swift in Sources */ = {isa = PBXBuildFile; fileRef = 039B88182AA3FB3B003A3D11 /* AppDelegate.swift */; };
		039B881B2AA3FB3B003A3D11 /* SceneDelegate.swift in Sources */ = {isa = PBXBuildFile; fileRef = 039B881A2AA3FB3B003A3D11 /* SceneDelegate.swift */; };
		039B881D2AA3FB3B003A3D11 /* ViewController.swift in Sources */ = {isa = PBXBuildFile; fileRef = 039B881C2AA3FB3B003A3D11 /* ViewController.swift */; };
		039B88202AA3FB3B003A3D11 /* Main.storyboard in Resources */ = {isa = PBXBuildFile; fileRef = 039B881E2AA3FB3B003A3D11 /* Main.storyboard */; };
		039B88222AA3FB3D003A3D11 /* Assets.xcassets in Resources */ = {isa = PBXBuildFile; fileRef = 039B88212AA3FB3D003A3D11 /* Assets.xcassets */; };
		039B88252AA3FB3D003A3D11 /* LaunchScreen.storyboard in Resources */ = {isa = PBXBuildFile; fileRef = 039B88232AA3FB3D003A3D11 /* LaunchScreen.storyboard */; };
		039B882E2AA3FC3B003A3D11 /* IQKeyboardManagerSwift in Frameworks */ = {isa = PBXBuildFile; productRef = 039B882D2AA3FC3B003A3D11 /* IQKeyboardManagerSwift */; };
		039B88312AA3FC4E003A3D11 /* SnapKit in Frameworks */ = {isa = PBXBuildFile; productRef = 039B88302AA3FC4E003A3D11 /* SnapKit */; };
		039B88372AA3FCBB003A3D11 /* Constants.swift in Sources */ = {isa = PBXBuildFile; fileRef = 039B88362AA3FCBB003A3D11 /* Constants.swift */; };
		039B883F2AA40192003A3D11 /* ArtistModel.swift in Sources */ = {isa = PBXBuildFile; fileRef = 039B883E2AA40192003A3D11 /* ArtistModel.swift */; };
		039B88422AA401AF003A3D11 /* MusicBook.xcdatamodeld in Sources */ = {isa = PBXBuildFile; fileRef = 039B88402AA401AF003A3D11 /* MusicBook.xcdatamodeld */; };
/* End PBXBuildFile section */

/* Begin PBXFileReference section */
		039B88152AA3FB3B003A3D11 /* MusicBook.app */ = {isa = PBXFileReference; explicitFileType = wrapper.application; includeInIndex = 0; path = MusicBook.app; sourceTree = BUILT_PRODUCTS_DIR; };
		039B88182AA3FB3B003A3D11 /* AppDelegate.swift */ = {isa = PBXFileReference; lastKnownFileType = sourcecode.swift; path = AppDelegate.swift; sourceTree = "<group>"; };
		039B881A2AA3FB3B003A3D11 /* SceneDelegate.swift */ = {isa = PBXFileReference; lastKnownFileType = sourcecode.swift; path = SceneDelegate.swift; sourceTree = "<group>"; };
		039B881C2AA3FB3B003A3D11 /* ViewController.swift */ = {isa = PBXFileReference; lastKnownFileType = sourcecode.swift; path = ViewController.swift; sourceTree = "<group>"; };
		039B881F2AA3FB3B003A3D11 /* Base */ = {isa = PBXFileReference; lastKnownFileType = file.storyboard; name = Base; path = Base.lproj/Main.storyboard; sourceTree = "<group>"; };
		039B88212AA3FB3D003A3D11 /* Assets.xcassets */ = {isa = PBXFileReference; lastKnownFileType = folder.assetcatalog; path = Assets.xcassets; sourceTree = "<group>"; };
		039B88242AA3FB3D003A3D11 /* Base */ = {isa = PBXFileReference; lastKnownFileType = file.storyboard; name = Base; path = Base.lproj/LaunchScreen.storyboard; sourceTree = "<group>"; };
		039B88262AA3FB3D003A3D11 /* Info.plist */ = {isa = PBXFileReference; lastKnownFileType = text.plist.xml; path = Info.plist; sourceTree = "<group>"; };
		039B88362AA3FCBB003A3D11 /* Constants.swift */ = {isa = PBXFileReference; lastKnownFileType = sourcecode.swift; path = Constants.swift; sourceTree = "<group>"; };
		039B883E2AA40192003A3D11 /* ArtistModel.swift */ = {isa = PBXFileReference; lastKnownFileType = sourcecode.swift; path = ArtistModel.swift; sourceTree = "<group>"; };
		039B88412AA401AF003A3D11 /* MusicBook.xcdatamodel */ = {isa = PBXFileReference; lastKnownFileType = wrapper.xcdatamodel; path = MusicBook.xcdatamodel; sourceTree = "<group>"; };
/* End PBXFileReference section */

/* Begin PBXFrameworksBuildPhase section */
		039B88122AA3FB3B003A3D11 /* Frameworks */ = {
			isa = PBXFrameworksBuildPhase;
			buildActionMask = 2147483647;
			files = (
				039B882E2AA3FC3B003A3D11 /* IQKeyboardManagerSwift in Frameworks */,
				039B88312AA3FC4E003A3D11 /* SnapKit in Frameworks */,
			);
			runOnlyForDeploymentPostprocessing = 0;
		};
/* End PBXFrameworksBuildPhase section */

/* Begin PBXGroup section */
		039B880C2AA3FB3B003A3D11 = {
			isa = PBXGroup;
			children = (
				039B88172AA3FB3B003A3D11 /* MusicBook */,
				039B88162AA3FB3B003A3D11 /* Products */,
			);
			sourceTree = "<group>";
		};
		039B88162AA3FB3B003A3D11 /* Products */ = {
			isa = PBXGroup;
			children = (
				039B88152AA3FB3B003A3D11 /* MusicBook.app */,
			);
			name = Products;
			sourceTree = "<group>";
		};
		039B88172AA3FB3B003A3D11 /* MusicBook */ = {
			isa = PBXGroup;
			children = (
				039B88342AA3FC89003A3D11 /* AppResourses */,
				039B88392AA3FCD6003A3D11 /* Database */,
				039B88352AA3FC9D003A3D11 /* ViewControllers */,
				039B88382AA3FCCE003A3D11 /* Cells */,
				039B883A2AA3FCE1003A3D11 /* Extensions */,
				039B88332AA3FC78003A3D11 /* Sourses */,
				039B88322AA3FC5C003A3D11 /* Storyboards */,
				039B88262AA3FB3D003A3D11 /* Info.plist */,
			);
			path = MusicBook;
			sourceTree = "<group>";
		};
		039B88322AA3FC5C003A3D11 /* Storyboards */ = {
			isa = PBXGroup;
			children = (
				039B881E2AA3FB3B003A3D11 /* Main.storyboard */,
				039B88232AA3FB3D003A3D11 /* LaunchScreen.storyboard */,
			);
			path = Storyboards;
			sourceTree = "<group>";
		};
		039B88332AA3FC78003A3D11 /* Sourses */ = {
			isa = PBXGroup;
			children = (
				039B88212AA3FB3D003A3D11 /* Assets.xcassets */,
				039B88362AA3FCBB003A3D11 /* Constants.swift */,
			);
			path = Sourses;
			sourceTree = "<group>";
		};
		039B88342AA3FC89003A3D11 /* AppResourses */ = {
			isa = PBXGroup;
			children = (
				039B88182AA3FB3B003A3D11 /* AppDelegate.swift */,
				039B881A2AA3FB3B003A3D11 /* SceneDelegate.swift */,
			);
			path = AppResourses;
			sourceTree = "<group>";
		};
		039B88352AA3FC9D003A3D11 /* ViewControllers */ = {
			isa = PBXGroup;
			children = (
				039B881C2AA3FB3B003A3D11 /* ViewController.swift */,
			);
			path = ViewControllers;
			sourceTree = "<group>";
		};
		039B88382AA3FCCE003A3D11 /* Cells */ = {
			isa = PBXGroup;
			children = (
			);
			path = Cells;
			sourceTree = "<group>";
		};
		039B88392AA3FCD6003A3D11 /* Database */ = {
			isa = PBXGroup;
			children = (
				039B883E2AA40192003A3D11 /* ArtistModel.swift */,
				039B88402AA401AF003A3D11 /* MusicBook.xcdatamodeld */,
			);
			path = Database;
			sourceTree = "<group>";
		};
		039B883A2AA3FCE1003A3D11 /* Extensions */ = {
			isa = PBXGroup;
			children = (
				039B883B2AA3FCF0003A3D11 /* CustomClasses */,
			);
			path = Extensions;
			sourceTree = "<group>";
		};
		039B883B2AA3FCF0003A3D11 /* CustomClasses */ = {
			isa = PBXGroup;
			children = (
			);
			path = CustomClasses;
			sourceTree = "<group>";
		};
/* End PBXGroup section */

/* Begin PBXNativeTarget section */
		039B88142AA3FB3B003A3D11 /* MusicBook */ = {
			isa = PBXNativeTarget;
			buildConfigurationList = 039B88292AA3FB3D003A3D11 /* Build configuration list for PBXNativeTarget "MusicBook" */;
			buildPhases = (
				039B88112AA3FB3B003A3D11 /* Sources */,
				039B88122AA3FB3B003A3D11 /* Frameworks */,
				039B88132AA3FB3B003A3D11 /* Resources */,
			);
			buildRules = (
			);
			dependencies = (
			);
			name = MusicBook;
			packageProductDependencies = (
				039B882D2AA3FC3B003A3D11 /* IQKeyboardManagerSwift */,
				039B88302AA3FC4E003A3D11 /* SnapKit */,
			);
			productName = MusicBook;
			productReference = 039B88152AA3FB3B003A3D11 /* MusicBook.app */;
			productType = "com.apple.product-type.application";
		};
/* End PBXNativeTarget section */

/* Begin PBXProject section */
		039B880D2AA3FB3B003A3D11 /* Project object */ = {
			isa = PBXProject;
			attributes = {
				BuildIndependentTargetsInParallel = 1;
				LastSwiftUpdateCheck = 1430;
				LastUpgradeCheck = 1430;
				TargetAttributes = {
					039B88142AA3FB3B003A3D11 = {
						CreatedOnToolsVersion = 14.3.1;
					};
				};
			};
			buildConfigurationList = 039B88102AA3FB3B003A3D11 /* Build configuration list for PBXProject "MusicBook" */;
			compatibilityVersion = "Xcode 14.0";
			developmentRegion = en;
			hasScannedForEncodings = 0;
			knownRegions = (
				en,
				Base,
			);
			mainGroup = 039B880C2AA3FB3B003A3D11;
			packageReferences = (
				039B882C2AA3FC3B003A3D11 /* XCRemoteSwiftPackageReference "IQKeyboardManager" */,
				039B882F2AA3FC4E003A3D11 /* XCRemoteSwiftPackageReference "SnapKit" */,
			);
			productRefGroup = 039B88162AA3FB3B003A3D11 /* Products */;
			projectDirPath = "";
			projectRoot = "";
			targets = (
				039B88142AA3FB3B003A3D11 /* MusicBook */,
			);
		};
/* End PBXProject section */

/* Begin PBXResourcesBuildPhase section */
		039B88132AA3FB3B003A3D11 /* Resources */ = {
			isa = PBXResourcesBuildPhase;
			buildActionMask = 2147483647;
			files = (
				039B88252AA3FB3D003A3D11 /* LaunchScreen.storyboard in Resources */,
				039B88222AA3FB3D003A3D11 /* Assets.xcassets in Resources */,
				039B88202AA3FB3B003A3D11 /* Main.storyboard in Resources */,
			);
			runOnlyForDeploymentPostprocessing = 0;
		};
/* End PBXResourcesBuildPhase section */

/* Begin PBXSourcesBuildPhase section */
		039B88112AA3FB3B003A3D11 /* Sources */ = {
			isa = PBXSourcesBuildPhase;
			buildActionMask = 2147483647;
			files = (
				039B88422AA401AF003A3D11 /* MusicBook.xcdatamodeld in Sources */,
				039B881D2AA3FB3B003A3D11 /* ViewController.swift in Sources */,
				039B88192AA3FB3B003A3D11 /* AppDelegate.swift in Sources */,
				039B883F2AA40192003A3D11 /* ArtistModel.swift in Sources */,
				039B881B2AA3FB3B003A3D11 /* SceneDelegate.swift in Sources */,
				039B88372AA3FCBB003A3D11 /* Constants.swift in Sources */,
			);
			runOnlyForDeploymentPostprocessing = 0;
		};
/* End PBXSourcesBuildPhase section */

/* Begin PBXVariantGroup section */
		039B881E2AA3FB3B003A3D11 /* Main.storyboard */ = {
			isa = PBXVariantGroup;
			children = (
				039B881F2AA3FB3B003A3D11 /* Base */,
			);
			name = Main.storyboard;
			sourceTree = "<group>";
		};
		039B88232AA3FB3D003A3D11 /* LaunchScreen.storyboard */ = {
			isa = PBXVariantGroup;
			children = (
				039B88242AA3FB3D003A3D11 /* Base */,
			);
			name = LaunchScreen.storyboard;
			sourceTree = "<group>";
		};
/* End PBXVariantGroup section */

/* Begin XCBuildConfiguration section */
		039B88272AA3FB3D003A3D11 /* Debug */ = {
			isa = XCBuildConfiguration;
			buildSettings = {
				ALWAYS_SEARCH_USER_PATHS = NO;
				CLANG_ANALYZER_NONNULL = YES;
				CLANG_ANALYZER_NUMBER_OBJECT_CONVERSION = YES_AGGRESSIVE;
				CLANG_CXX_LANGUAGE_STANDARD = "gnu++20";
				CLANG_ENABLE_MODULES = YES;
				CLANG_ENABLE_OBJC_ARC = YES;
				CLANG_ENABLE_OBJC_WEAK = YES;
				CLANG_WARN_BLOCK_CAPTURE_AUTORELEASING = YES;
				CLANG_WARN_BOOL_CONVERSION = YES;
				CLANG_WARN_COMMA = YES;
				CLANG_WARN_CONSTANT_CONVERSION = YES;
				CLANG_WARN_DEPRECATED_OBJC_IMPLEMENTATIONS = YES;
				CLANG_WARN_DIRECT_OBJC_ISA_USAGE = YES_ERROR;
				CLANG_WARN_DOCUMENTATION_COMMENTS = YES;
				CLANG_WARN_EMPTY_BODY = YES;
				CLANG_WARN_ENUM_CONVERSION = YES;
				CLANG_WARN_INFINITE_RECURSION = YES;
				CLANG_WARN_INT_CONVERSION = YES;
				CLANG_WARN_NON_LITERAL_NULL_CONVERSION = YES;
				CLANG_WARN_OBJC_IMPLICIT_RETAIN_SELF = YES;
				CLANG_WARN_OBJC_LITERAL_CONVERSION = YES;
				CLANG_WARN_OBJC_ROOT_CLASS = YES_ERROR;
				CLANG_WARN_QUOTED_INCLUDE_IN_FRAMEWORK_HEADER = YES;
				CLANG_WARN_RANGE_LOOP_ANALYSIS = YES;
				CLANG_WARN_STRICT_PROTOTYPES = YES;
				CLANG_WARN_SUSPICIOUS_MOVE = YES;
				CLANG_WARN_UNGUARDED_AVAILABILITY = YES_AGGRESSIVE;
				CLANG_WARN_UNREACHABLE_CODE = YES;
				CLANG_WARN__DUPLICATE_METHOD_MATCH = YES;
				COPY_PHASE_STRIP = NO;
				DEBUG_INFORMATION_FORMAT = dwarf;
				ENABLE_STRICT_OBJC_MSGSEND = YES;
				ENABLE_TESTABILITY = YES;
				GCC_C_LANGUAGE_STANDARD = gnu11;
				GCC_DYNAMIC_NO_PIC = NO;
				GCC_NO_COMMON_BLOCKS = YES;
				GCC_OPTIMIZATION_LEVEL = 0;
				GCC_PREPROCESSOR_DEFINITIONS = (
					"DEBUG=1",
					"$(inherited)",
				);
				GCC_WARN_64_TO_32_BIT_CONVERSION = YES;
				GCC_WARN_ABOUT_RETURN_TYPE = YES_ERROR;
				GCC_WARN_UNDECLARED_SELECTOR = YES;
				GCC_WARN_UNINITIALIZED_AUTOS = YES_AGGRESSIVE;
				GCC_WARN_UNUSED_FUNCTION = YES;
				GCC_WARN_UNUSED_VARIABLE = YES;
				IPHONEOS_DEPLOYMENT_TARGET = 16.4;
				MTL_ENABLE_DEBUG_INFO = INCLUDE_SOURCE;
				MTL_FAST_MATH = YES;
				ONLY_ACTIVE_ARCH = YES;
				SDKROOT = iphoneos;
				SWIFT_ACTIVE_COMPILATION_CONDITIONS = DEBUG;
				SWIFT_OPTIMIZATION_LEVEL = "-Onone";
			};
			name = Debug;
		};
		039B88282AA3FB3D003A3D11 /* Release */ = {
			isa = XCBuildConfiguration;
			buildSettings = {
				ALWAYS_SEARCH_USER_PATHS = NO;
				CLANG_ANALYZER_NONNULL = YES;
				CLANG_ANALYZER_NUMBER_OBJECT_CONVERSION = YES_AGGRESSIVE;
				CLANG_CXX_LANGUAGE_STANDARD = "gnu++20";
				CLANG_ENABLE_MODULES = YES;
				CLANG_ENABLE_OBJC_ARC = YES;
				CLANG_ENABLE_OBJC_WEAK = YES;
				CLANG_WARN_BLOCK_CAPTURE_AUTORELEASING = YES;
				CLANG_WARN_BOOL_CONVERSION = YES;
				CLANG_WARN_COMMA = YES;
				CLANG_WARN_CONSTANT_CONVERSION = YES;
				CLANG_WARN_DEPRECATED_OBJC_IMPLEMENTATIONS = YES;
				CLANG_WARN_DIRECT_OBJC_ISA_USAGE = YES_ERROR;
				CLANG_WARN_DOCUMENTATION_COMMENTS = YES;
				CLANG_WARN_EMPTY_BODY = YES;
				CLANG_WARN_ENUM_CONVERSION = YES;
				CLANG_WARN_INFINITE_RECURSION = YES;
				CLANG_WARN_INT_CONVERSION = YES;
				CLANG_WARN_NON_LITERAL_NULL_CONVERSION = YES;
				CLANG_WARN_OBJC_IMPLICIT_RETAIN_SELF = YES;
				CLANG_WARN_OBJC_LITERAL_CONVERSION = YES;
				CLANG_WARN_OBJC_ROOT_CLASS = YES_ERROR;
				CLANG_WARN_QUOTED_INCLUDE_IN_FRAMEWORK_HEADER = YES;
				CLANG_WARN_RANGE_LOOP_ANALYSIS = YES;
				CLANG_WARN_STRICT_PROTOTYPES = YES;
				CLANG_WARN_SUSPICIOUS_MOVE = YES;
				CLANG_WARN_UNGUARDED_AVAILABILITY = YES_AGGRESSIVE;
				CLANG_WARN_UNREACHABLE_CODE = YES;
				CLANG_WARN__DUPLICATE_METHOD_MATCH = YES;
				COPY_PHASE_STRIP = NO;
				DEBUG_INFORMATION_FORMAT = "dwarf-with-dsym";
				ENABLE_NS_ASSERTIONS = NO;
				ENABLE_STRICT_OBJC_MSGSEND = YES;
				GCC_C_LANGUAGE_STANDARD = gnu11;
				GCC_NO_COMMON_BLOCKS = YES;
				GCC_WARN_64_TO_32_BIT_CONVERSION = YES;
				GCC_WARN_ABOUT_RETURN_TYPE = YES_ERROR;
				GCC_WARN_UNDECLARED_SELECTOR = YES;
				GCC_WARN_UNINITIALIZED_AUTOS = YES_AGGRESSIVE;
				GCC_WARN_UNUSED_FUNCTION = YES;
				GCC_WARN_UNUSED_VARIABLE = YES;
				IPHONEOS_DEPLOYMENT_TARGET = 16.4;
				MTL_ENABLE_DEBUG_INFO = NO;
				MTL_FAST_MATH = YES;
				SDKROOT = iphoneos;
				SWIFT_COMPILATION_MODE = wholemodule;
				SWIFT_OPTIMIZATION_LEVEL = "-O";
				VALIDATE_PRODUCT = YES;
			};
			name = Release;
		};
		039B882A2AA3FB3D003A3D11 /* Debug */ = {
			isa = XCBuildConfiguration;
			buildSettings = {
				ASSETCATALOG_COMPILER_APPICON_NAME = AppIcon;
				ASSETCATALOG_COMPILER_GLOBAL_ACCENT_COLOR_NAME = AccentColor;
				CODE_SIGN_STYLE = Automatic;
				CURRENT_PROJECT_VERSION = 1;
				DEVELOPMENT_TEAM = 5G3L9PJKC3;
				GENERATE_INFOPLIST_FILE = YES;
				INFOPLIST_FILE = MusicBook/Info.plist;
				INFOPLIST_KEY_UIApplicationSupportsIndirectInputEvents = YES;
				INFOPLIST_KEY_UILaunchStoryboardName = LaunchScreen;
				INFOPLIST_KEY_UIMainStoryboardFile = Main;
				INFOPLIST_KEY_UISupportedInterfaceOrientations_iPad = "UIInterfaceOrientationPortrait UIInterfaceOrientationPortraitUpsideDown UIInterfaceOrientationLandscapeLeft UIInterfaceOrientationLandscapeRight";
				INFOPLIST_KEY_UISupportedInterfaceOrientations_iPhone = "UIInterfaceOrientationPortrait UIInterfaceOrientationLandscapeLeft UIInterfaceOrientationLandscapeRight";
				LD_RUNPATH_SEARCH_PATHS = (
					"$(inherited)",
					"@executable_path/Frameworks",
				);
				MARKETING_VERSION = 1.0;
				PRODUCT_BUNDLE_IDENTIFIER = sashabravos.MusicBook;
				PRODUCT_NAME = "$(TARGET_NAME)";
				SWIFT_EMIT_LOC_STRINGS = YES;
				SWIFT_VERSION = 5.0;
				TARGETED_DEVICE_FAMILY = "1,2";
			};
			name = Debug;
		};
		039B882B2AA3FB3D003A3D11 /* Release */ = {
			isa = XCBuildConfiguration;
			buildSettings = {
				ASSETCATALOG_COMPILER_APPICON_NAME = AppIcon;
				ASSETCATALOG_COMPILER_GLOBAL_ACCENT_COLOR_NAME = AccentColor;
				CODE_SIGN_STYLE = Automatic;
				CURRENT_PROJECT_VERSION = 1;
				DEVELOPMENT_TEAM = 5G3L9PJKC3;
				GENERATE_INFOPLIST_FILE = YES;
				INFOPLIST_FILE = MusicBook/Info.plist;
				INFOPLIST_KEY_UIApplicationSupportsIndirectInputEvents = YES;
				INFOPLIST_KEY_UILaunchStoryboardName = LaunchScreen;
				INFOPLIST_KEY_UIMainStoryboardFile = Main;
				INFOPLIST_KEY_UISupportedInterfaceOrientations_iPad = "UIInterfaceOrientationPortrait UIInterfaceOrientationPortraitUpsideDown UIInterfaceOrientationLandscapeLeft UIInterfaceOrientationLandscapeRight";
				INFOPLIST_KEY_UISupportedInterfaceOrientations_iPhone = "UIInterfaceOrientationPortrait UIInterfaceOrientationLandscapeLeft UIInterfaceOrientationLandscapeRight";
				LD_RUNPATH_SEARCH_PATHS = (
					"$(inherited)",
					"@executable_path/Frameworks",
				);
				MARKETING_VERSION = 1.0;
				PRODUCT_BUNDLE_IDENTIFIER = sashabravos.MusicBook;
				PRODUCT_NAME = "$(TARGET_NAME)";
				SWIFT_EMIT_LOC_STRINGS = YES;
				SWIFT_VERSION = 5.0;
				TARGETED_DEVICE_FAMILY = "1,2";
			};
			name = Release;
		};
/* End XCBuildConfiguration section */

/* Begin XCConfigurationList section */
		039B88102AA3FB3B003A3D11 /* Build configuration list for PBXProject "MusicBook" */ = {
			isa = XCConfigurationList;
			buildConfigurations = (
				039B88272AA3FB3D003A3D11 /* Debug */,
				039B88282AA3FB3D003A3D11 /* Release */,
			);
			defaultConfigurationIsVisible = 0;
			defaultConfigurationName = Release;
		};
		039B88292AA3FB3D003A3D11 /* Build configuration list for PBXNativeTarget "MusicBook" */ = {
			isa = XCConfigurationList;
			buildConfigurations = (
				039B882A2AA3FB3D003A3D11 /* Debug */,
				039B882B2AA3FB3D003A3D11 /* Release */,
			);
			defaultConfigurationIsVisible = 0;
			defaultConfigurationName = Release;
		};
/* End XCConfigurationList section */

/* Begin XCRemoteSwiftPackageReference section */
		039B882C2AA3FC3B003A3D11 /* XCRemoteSwiftPackageReference "IQKeyboardManager" */ = {
			isa = XCRemoteSwiftPackageReference;
			repositoryURL = "https://github.com/hackiftekhar/IQKeyboardManager.git";
			requirement = {
				kind = upToNextMajorVersion;
				minimumVersion = 6.0.0;
			};
		};
		039B882F2AA3FC4E003A3D11 /* XCRemoteSwiftPackageReference "SnapKit" */ = {
			isa = XCRemoteSwiftPackageReference;
			repositoryURL = "https://github.com/SnapKit/SnapKit.git";
			requirement = {
				kind = upToNextMajorVersion;
				minimumVersion = 5.0.0;
			};
		};
/* End XCRemoteSwiftPackageReference section */

/* Begin XCSwiftPackageProductDependency section */
		039B882D2AA3FC3B003A3D11 /* IQKeyboardManagerSwift */ = {
			isa = XCSwiftPackageProductDependency;
			package = 039B882C2AA3FC3B003A3D11 /* XCRemoteSwiftPackageReference "IQKeyboardManager" */;
			productName = IQKeyboardManagerSwift;
		};
		039B88302AA3FC4E003A3D11 /* SnapKit */ = {
			isa = XCSwiftPackageProductDependency;
			package = 039B882F2AA3FC4E003A3D11 /* XCRemoteSwiftPackageReference "SnapKit" */;
			productName = SnapKit;
		};
/* End XCSwiftPackageProductDependency section */

/* Begin XCVersionGroup section */
		039B88402AA401AF003A3D11 /* MusicBook.xcdatamodeld */ = {
			isa = XCVersionGroup;
			children = (
				039B88412AA401AF003A3D11 /* MusicBook.xcdatamodel */,
			);
			currentVersion = 039B88412AA401AF003A3D11 /* MusicBook.xcdatamodel */;
			path = MusicBook.xcdatamodeld;
			sourceTree = "<group>";
			versionGroupType = wrapper.xcdatamodel;
		};
/* End XCVersionGroup section */
	};
	rootObject = 039B880D2AA3FB3B003A3D11 /* Project object */;
}
